
Microsoft Visual Studio Solution File, Format Version 12.00
# Visual Studio Version 17
VisualStudioVersion = 17.13.35919.96 d17.13
MinimumVisualStudioVersion = 10.0.40219.1
Project("{FAE04EC0-301F-11D3-BF4B-00C04F79EFBC}") = "UserbasedAuth", "UserbasedAuth.csproj", "{BF6F5EF5-8861-45F1-BC7F-58243208FE67}"
EndProject
Global
	GlobalSection(SolutionConfigurationPlatforms) = preSolution
		Debug|Any CPU = Debug|Any CPU
		Release|Any CPU = Release|Any CPU
	EndGlobalSection
	GlobalSection(ProjectConfigurationPlatforms) = postSolution
		{BF6F5EF5-8861-45F1-BC7F-58243208FE67}.Debug|Any CPU.ActiveCfg = Debug|Any CPU
		{BF6F5EF5-8861-45F1-BC7F-58243208FE67}.Debug|Any CPU.Build.0 = Debug|Any CPU
		{BF6F5EF5-8861-45F1-BC7F-58243208FE67}.Release|Any CPU.ActiveCfg = Release|Any CPU
		{BF6F5EF5-8861-45F1-BC7F-58243208FE67}.Release|Any CPU.Build.0 = Release|Any CPU
	EndGlobalSection
	GlobalSection(SolutionProperties) = preSolution
		HideSolutionNode = FALSE
	EndGlobalSection
	GlobalSection(ExtensibilityGlobals) = postSolution
		SolutionGuid = {484DFE9E-7F1A-4213-846B-9819DBD8CA65}
	EndGlobalSection
EndGlobal
